
Microsoft Visual Studio Solution File, Format Version 12.00
# Visual Studio Version 17
VisualStudioVersion = 17.1.32414.318
MinimumVisualStudioVersion = 10.0.40219.1
Project("{FAE04EC0-301F-11D3-BF4B-00C04F79EFBC}") = "contact tracing", "contact tracing\contact tracing.csproj", "{ACB47CAF-F749-425D-AD8A-33F7071206E1}"
EndProject
Global
	GlobalSection(SolutionConfigurationPlatforms) = preSolution
		Debug|Any CPU = Debug|Any CPU
		Release|Any CPU = Release|Any CPU
	EndGlobalSection
	GlobalSection(ProjectConfigurationPlatforms) = postSolution
		{ACB47CAF-F749-425D-AD8A-33F7071206E1}.Debug|Any CPU.ActiveCfg = Debug|Any CPU
		{ACB47CAF-F749-425D-AD8A-33F7071206E1}.Debug|Any CPU.Build.0 = Debug|Any CPU
		{ACB47CAF-F749-425D-AD8A-33F7071206E1}.Release|Any CPU.ActiveCfg = Release|Any CPU
		{ACB47CAF-F749-425D-AD8A-33F7071206E1}.Release|Any CPU.Build.0 = Release|Any CPU
	EndGlobalSection
	GlobalSection(SolutionProperties) = preSolution
		HideSolutionNode = FALSE
	EndGlobalSection
	GlobalSection(ExtensibilityGlobals) = postSolution
		SolutionGuid = {A5AB8C4D-0444-4909-AEA1-A34110C1C638}
	EndGlobalSection
EndGlobal
